
Microsoft Visual Studio Solution File, Format Version 12.00
# Visual Studio Version 17
VisualStudioVersion = 17.0.32014.148
MinimumVisualStudioVersion = 10.0.40219.1
Project("{8BC9CEB8-8B4A-11D0-8D11-00A0C91BC942}") = "MonsterBattle", "MonsterBattle.vcxproj", "{4F49CB96-2ED0-49DF-B0A4-1DB3B07E012F}"
EndProject
Global
	GlobalSection(SolutionConfigurationPlatforms) = preSolution
		Debug|x64 = Debug|x64
		Debug|x86 = Debug|x86
		Release|x64 = Release|x64
		Release|x86 = Release|x86
	EndGlobalSection
	GlobalSection(ProjectConfigurationPlatforms) = postSolution
		{4F49CB96-2ED0-49DF-B0A4-1DB3B07E012F}.Debug|x64.ActiveCfg = Debug|x64
		{4F49CB96-2ED0-49DF-B0A4-1DB3B07E012F}.Debug|x64.Build.0 = Debug|x64
		{4F49CB96-2ED0-49DF-B0A4-1DB3B07E012F}.Debug|x86.ActiveCfg = Debug|Win32
		{4F49CB96-2ED0-49DF-B0A4-1DB3B07E012F}.Debug|x86.Build.0 = Debug|Win32
		{4F49CB96-2ED0-49DF-B0A4-1DB3B07E012F}.Release|x64.ActiveCfg = Release|x64
		{4F49CB96-2ED0-49DF-B0A4-1DB3B07E012F}.Release|x64.Build.0 = Release|x64
		{4F49CB96-2ED0-49DF-B0A4-1DB3B07E012F}.Release|x86.ActiveCfg = Release|Win32
		{4F49CB96-2ED0-49DF-B0A4-1DB3B07E012F}.Release|x86.Build.0 = Release|Win32
	EndGlobalSection
	GlobalSection(SolutionProperties) = preSolution
		HideSolutionNode = FALSE
	EndGlobalSection
	GlobalSection(ExtensibilityGlobals) = postSolution
		SolutionGuid = {B68361CC-A73A-4094-B3F5-E1275B9DA9E7}
	EndGlobalSection
EndGlobal
